// !$*UTF8*$!
{
	archiveVersion = 1;
	classes = {
	};
	objectVersion = 50;
	objects = {

/* Begin PBXBuildFile section */
		56A9956E2080AB140011F45A /* AppDelegate.swift in Sources */ = {isa = PBXBuildFile; fileRef = 56A9956D2080AB140011F45A /* AppDelegate.swift */; };
		56A995702080AB140011F45A /* ViewController.swift in Sources */ = {isa = PBXBuildFile; fileRef = 56A9956F2080AB140011F45A /* ViewController.swift */; };
		56A995732080AB140011F45A /* Main.storyboard in Resources */ = {isa = PBXBuildFile; fileRef = 56A995712080AB140011F45A /* Main.storyboard */; };
		56A995762080AB140011F45A /* ONT_Collector.xcdatamodeld in Sources */ = {isa = PBXBuildFile; fileRef = 56A995742080AB140011F45A /* ONT_Collector.xcdatamodeld */; };
		56A995782080AB160011F45A /* Assets.xcassets in Resources */ = {isa = PBXBuildFile; fileRef = 56A995772080AB160011F45A /* Assets.xcassets */; };
		56A9957B2080AB160011F45A /* LaunchScreen.storyboard in Resources */ = {isa = PBXBuildFile; fileRef = 56A995792080AB160011F45A /* LaunchScreen.storyboard */; };
/* End PBXBuildFile section */

/* Begin PBXFileReference section */
		56A9956A2080AB140011F45A /* ONT_Collector.app */ = {isa = PBXFileReference; explicitFileType = wrapper.application; includeInIndex = 0; path = ONT_Collector.app; sourceTree = BUILT_PRODUCTS_DIR; };
		56A9956D2080AB140011F45A /* AppDelegate.swift */ = {isa = PBXFileReference; lastKnownFileType = sourcecode.swift; path = AppDelegate.swift; sourceTree = "<group>"; };
		56A9956F2080AB140011F45A /* ViewController.swift */ = {isa = PBXFileReference; lastKnownFileType = sourcecode.swift; path = ViewController.swift; sourceTree = "<group>"; };
		56A995722080AB140011F45A /* Base */ = {isa = PBXFileReference; lastKnownFileType = file.storyboard; name = Base; path = Base.lproj/Main.storyboard; sourceTree = "<group>"; };
		56A995752080AB140011F45A /* ONT_Collector.xcdatamodel */ = {isa = PBXFileReference; lastKnownFileType = wrapper.xcdatamodel; path = ONT_Collector.xcdatamodel; sourceTree = "<group>"; };
		56A995772080AB160011F45A /* Assets.xcassets */ = {isa = PBXFileReference; lastKnownFileType = folder.assetcatalog; path = Assets.xcassets; sourceTree = "<group>"; };
		56A9957A2080AB160011F45A /* Base */ = {isa = PBXFileReference; lastKnownFileType = file.storyboard; name = Base; path = Base.lproj/LaunchScreen.storyboard; sourceTree = "<group>"; };
		56A9957C2080AB160011F45A /* Info.plist */ = {isa = PBXFileReference; lastKnownFileType = text.plist.xml; path = Info.plist; sourceTree = "<group>"; };
/* End PBXFileReference section */

/* Begin PBXFrameworksBuildPhase section */
		56A995672080AB140011F45A /* Frameworks */ = {
			isa = PBXFrameworksBuildPhase;
			buildActionMask = 2147483647;
			files = (
			);
			runOnlyForDeploymentPostprocessing = 0;
		};
/* End PBXFrameworksBuildPhase section */

/* Begin PBXGroup section */
		56A995612080AB130011F45A = {
			isa = PBXGroup;
			children = (
				56A9956C2080AB140011F45A /* ONT_Collector */,
				56A9956B2080AB140011F45A /* Products */,
			);
			sourceTree = "<group>";
		};
		56A9956B2080AB140011F45A /* Products */ = {
			isa = PBXGroup;
			children = (
				56A9956A2080AB140011F45A /* ONT_Collector.app */,
			);
			name = Products;
			sourceTree = "<group>";
		};
		56A9956C2080AB140011F45A /* ONT_Collector */ = {
			isa = PBXGroup;
			children = (
				56A9956D2080AB140011F45A /* AppDelegate.swift */,
				56A9956F2080AB140011F45A /* ViewController.swift */,
				56A995712080AB140011F45A /* Main.storyboard */,
				56A995772080AB160011F45A /* Assets.xcassets */,
				56A995792080AB160011F45A /* LaunchScreen.storyboard */,
				56A9957C2080AB160011F45A /* Info.plist */,
				56A995742080AB140011F45A /* ONT_Collector.xcdatamodeld */,
			);
			path = ONT_Collector;
			sourceTree = "<group>";
		};
/* End PBXGroup section */

/* Begin PBXNativeTarget section */
		56A995692080AB140011F45A /* ONT_Collector */ = {
			isa = PBXNativeTarget;
			buildConfigurationList = 56A9957F2080AB160011F45A /* Build configuration list for PBXNativeTarget "ONT_Collector" */;
			buildPhases = (
				56A995662080AB140011F45A /* Sources */,
				56A995672080AB140011F45A /* Frameworks */,
				56A995682080AB140011F45A /* Resources */,
			);
			buildRules = (
			);
			dependencies = (
			);
			name = ONT_Collector;
			productName = ONT_Collector;
			productReference = 56A9956A2080AB140011F45A /* ONT_Collector.app */;
			productType = "com.apple.product-type.application";
		};
/* End PBXNativeTarget section */

/* Begin PBXProject section */
		56A995622080AB130011F45A /* Project object */ = {
			isa = PBXProject;
			attributes = {
				LastSwiftUpdateCheck = 0930;
				LastUpgradeCheck = 0930;
				ORGANIZATIONNAME = "Flippie Stone";
				TargetAttributes = {
					56A995692080AB140011F45A = {
						CreatedOnToolsVersion = 9.3;
					};
				};
			};
			buildConfigurationList = 56A995652080AB130011F45A /* Build configuration list for PBXProject "ONT_Collector" */;
			compatibilityVersion = "Xcode 9.3";
			developmentRegion = en;
			hasScannedForEncodings = 0;
			knownRegions = (
				en,
				Base,
			);
			mainGroup = 56A995612080AB130011F45A;
			productRefGroup = 56A9956B2080AB140011F45A /* Products */;
			projectDirPath = "";
			projectRoot = "";
			targets = (
				56A995692080AB140011F45A /* ONT_Collector */,
			);
		};
/* End PBXProject section */

/* Begin PBXResourcesBuildPhase section */
		56A995682080AB140011F45A /* Resources */ = {
			isa = PBXResourcesBuildPhase;
			buildActionMask = 2147483647;
			files = (
				56A9957B2080AB160011F45A /* LaunchScreen.storyboard in Resources */,
				56A995782080AB160011F45A /* Assets.xcassets in Resources */,
				56A995732080AB140011F45A /* Main.storyboard in Resources */,
			);
			runOnlyForDeploymentPostprocessing = 0;
		};
/* End PBXResourcesBuildPhase section */

/* Begin PBXSourcesBuildPhase section */
		56A995662080AB140011F45A /* Sources */ = {
			isa = PBXSourcesBuildPhase;
			buildActionMask = 2147483647;
			files = (
				56A995762080AB140011F45A /* ONT_Collector.xcdatamodeld in Sources */,
				56A995702080AB140011F45A /* ViewController.swift in Sources */,
				56A9956E2080AB140011F45A /* AppDelegate.swift in Sources */,
			);
			runOnlyForDeploymentPostprocessing = 0;
		};
/* End PBXSourcesBuildPhase section */

/* Begin PBXVariantGroup section */
		56A995712080AB140011F45A /* Main.storyboard */ = {
			isa = PBXVariantGroup;
			children = (
				56A995722080AB140011F45A /* Base */,
			);
			name = Main.storyboard;
			sourceTree = "<group>";
		};
		56A995792080AB160011F45A /* LaunchScreen.storyboard */ = {
			isa = PBXVariantGroup;
			children = (
				56A9957A2080AB160011F45A /* Base */,
			);
			name = LaunchScreen.storyboard;
			sourceTree = "<group>";
		};
/* End PBXVariantGroup section */

/* Begin XCBuildConfiguration section */
		56A9957D2080AB160011F45A /* Debug */ = {
			isa = XCBuildConfiguration;
			buildSettings = {
				ALWAYS_SEARCH_USER_PATHS = NO;
				CLANG_ANALYZER_NONNULL = YES;
				CLANG_ANALYZER_NUMBER_OBJECT_CONVERSION = YES_AGGRESSIVE;
				CLANG_CXX_LANGUAGE_STANDARD = "gnu++14";
				CLANG_CXX_LIBRARY = "libc++";
				CLANG_ENABLE_MODULES = YES;
				CLANG_ENABLE_OBJC_ARC = YES;
				CLANG_ENABLE_OBJC_WEAK = YES;
				CLANG_WARN_BLOCK_CAPTURE_AUTORELEASING = YES;
				CLANG_WARN_BOOL_CONVERSION = YES;
				CLANG_WARN_COMMA = YES;
				CLANG_WARN_CONSTANT_CONVERSION = YES;
				CLANG_WARN_DEPRECATED_OBJC_IMPLEMENTATIONS = YES;
				CLANG_WARN_DIRECT_OBJC_ISA_USAGE = YES_ERROR;
				CLANG_WARN_DOCUMENTATION_COMMENTS = YES;
				CLANG_WARN_EMPTY_BODY = YES;
				CLANG_WARN_ENUM_CONVERSION = YES;
				CLANG_WARN_INFINITE_RECURSION = YES;
				CLANG_WARN_INT_CONVERSION = YES;
				CLANG_WARN_NON_LITERAL_NULL_CONVERSION = YES;
				CLANG_WARN_OBJC_IMPLICIT_RETAIN_SELF = YES;
				CLANG_WARN_OBJC_LITERAL_CONVERSION = YES;
				CLANG_WARN_OBJC_ROOT_CLASS = YES_ERROR;
				CLANG_WARN_RANGE_LOOP_ANALYSIS = YES;
				CLANG_WARN_STRICT_PROTOTYPES = YES;
				CLANG_WARN_SUSPICIOUS_MOVE = YES;
				CLANG_WARN_UNGUARDED_AVAILABILITY = YES_AGGRESSIVE;
				CLANG_WARN_UNREACHABLE_CODE = YES;
				CLANG_WARN__DUPLICATE_METHOD_MATCH = YES;
				CODE_SIGN_IDENTITY = "iPhone Developer";
				COPY_PHASE_STRIP = NO;
				DEBUG_INFORMATION_FORMAT = dwarf;
				ENABLE_STRICT_OBJC_MSGSEND = YES;
				ENABLE_TESTABILITY = YES;
				GCC_C_LANGUAGE_STANDARD = gnu11;
				GCC_DYNAMIC_NO_PIC = NO;
				GCC_NO_COMMON_BLOCKS = YES;
				GCC_OPTIMIZATION_LEVEL = 0;
				GCC_PREPROCESSOR_DEFINITIONS = (
					"DEBUG=1",
					"$(inherited)",
				);
				GCC_WARN_64_TO_32_BIT_CONVERSION = YES;
				GCC_WARN_ABOUT_RETURN_TYPE = YES_ERROR;
				GCC_WARN_UNDECLARED_SELECTOR = YES;
				GCC_WARN_UNINITIALIZED_AUTOS = YES_AGGRESSIVE;
				GCC_WARN_UNUSED_FUNCTION = YES;
				GCC_WARN_UNUSED_VARIABLE = YES;
				IPHONEOS_DEPLOYMENT_TARGET = 11.3;
				MTL_ENABLE_DEBUG_INFO = YES;
				ONLY_ACTIVE_ARCH = YES;
				SDKROOT = iphoneos;
				SWIFT_ACTIVE_COMPILATION_CONDITIONS = DEBUG;
				SWIFT_OPTIMIZATION_LEVEL = "-Onone";
			};
			name = Debug;
		};
		56A9957E2080AB160011F45A /* Release */ = {
			isa = XCBuildConfiguration;
			buildSettings = {
				ALWAYS_SEARCH_USER_PATHS = NO;
				CLANG_ANALYZER_NONNULL = YES;
				CLANG_ANALYZER_NUMBER_OBJECT_CONVERSION = YES_AGGRESSIVE;
				CLANG_CXX_LANGUAGE_STANDARD = "gnu++14";
				CLANG_CXX_LIBRARY = "libc++";
				CLANG_ENABLE_MODULES = YES;
				CLANG_ENABLE_OBJC_ARC = YES;
				CLANG_ENABLE_OBJC_WEAK = YES;
				CLANG_WARN_BLOCK_CAPTURE_AUTORELEASING = YES;
				CLANG_WARN_BOOL_CONVERSION = YES;
				CLANG_WARN_COMMA = YES;
				CLANG_WARN_CONSTANT_CONVERSION = YES;
				CLANG_WARN_DEPRECATED_OBJC_IMPLEMENTATIONS = YES;
				CLANG_WARN_DIRECT_OBJC_ISA_USAGE = YES_ERROR;
				CLANG_WARN_DOCUMENTATION_COMMENTS = YES;
				CLANG_WARN_EMPTY_BODY = YES;
				CLANG_WARN_ENUM_CONVERSION = YES;
				CLANG_WARN_INFINITE_RECURSION = YES;
				CLANG_WARN_INT_CONVERSION = YES;
				CLANG_WARN_NON_LITERAL_NULL_CONVERSION = YES;
				CLANG_WARN_OBJC_IMPLICIT_RETAIN_SELF = YES;
				CLANG_WARN_OBJC_LITERAL_CONVERSION = YES;
				CLANG_WARN_OBJC_ROOT_CLASS = YES_ERROR;
				CLANG_WARN_RANGE_LOOP_ANALYSIS = YES;
				CLANG_WARN_STRICT_PROTOTYPES = YES;
				CLANG_WARN_SUSPICIOUS_MOVE = YES;
				CLANG_WARN_UNGUARDED_AVAILABILITY = YES_AGGRESSIVE;
				CLANG_WARN_UNREACHABLE_CODE = YES;
				CLANG_WARN__DUPLICATE_METHOD_MATCH = YES;
				CODE_SIGN_IDENTITY = "iPhone Developer";
				COPY_PHASE_STRIP = NO;
				DEBUG_INFORMATION_FORMAT = "dwarf-with-dsym";
				ENABLE_NS_ASSERTIONS = NO;
				ENABLE_STRICT_OBJC_MSGSEND = YES;
				GCC_C_LANGUAGE_STANDARD = gnu11;
				GCC_NO_COMMON_BLOCKS = YES;
				GCC_WARN_64_TO_32_BIT_CONVERSION = YES;
				GCC_WARN_ABOUT_RETURN_TYPE = YES_ERROR;
				GCC_WARN_UNDECLARED_SELECTOR = YES;
				GCC_WARN_UNINITIALIZED_AUTOS = YES_AGGRESSIVE;
				GCC_WARN_UNUSED_FUNCTION = YES;
				GCC_WARN_UNUSED_VARIABLE = YES;
				IPHONEOS_DEPLOYMENT_TARGET = 11.3;
				MTL_ENABLE_DEBUG_INFO = NO;
				SDKROOT = iphoneos;
				SWIFT_COMPILATION_MODE = wholemodule;
				SWIFT_OPTIMIZATION_LEVEL = "-O";
				VALIDATE_PRODUCT = YES;
			};
			name = Release;
		};
		56A995802080AB160011F45A /* Debug */ = {
			isa = XCBuildConfiguration;
			buildSettings = {
				ASSETCATALOG_COMPILER_APPICON_NAME = AppIcon;
				CODE_SIGN_STYLE = Automatic;
				DEVELOPMENT_TEAM = 64EFKW672L;
				INFOPLIST_FILE = ONT_Collector/Info.plist;
				LD_RUNPATH_SEARCH_PATHS = (
					"$(inherited)",
					"@executable_path/Frameworks",
				);
				PRODUCT_BUNDLE_IDENTIFIER = "Flippie-Stone.ONT-Collector";
				PRODUCT_NAME = "$(TARGET_NAME)";
				SWIFT_VERSION = 4.0;
				TARGETED_DEVICE_FAMILY = "1,2";
			};
			name = Debug;
		};
		56A995812080AB160011F45A /* Release */ = {
			isa = XCBuildConfiguration;
			buildSettings = {
				ASSETCATALOG_COMPILER_APPICON_NAME = AppIcon;
				CODE_SIGN_STYLE = Automatic;
				DEVELOPMENT_TEAM = 64EFKW672L;
				INFOPLIST_FILE = ONT_Collector/Info.plist;
				LD_RUNPATH_SEARCH_PATHS = (
					"$(inherited)",
					"@executable_path/Frameworks",
				);
				PRODUCT_BUNDLE_IDENTIFIER = "Flippie-Stone.ONT-Collector";
				PRODUCT_NAME = "$(TARGET_NAME)";
				SWIFT_VERSION = 4.0;
				TARGETED_DEVICE_FAMILY = "1,2";
			};
			name = Release;
		};
/* End XCBuildConfiguration section */

/* Begin XCConfigurationList section */
		56A995652080AB130011F45A /* Build configuration list for PBXProject "ONT_Collector" */ = {
			isa = XCConfigurationList;
			buildConfigurations = (
				56A9957D2080AB160011F45A /* Debug */,
				56A9957E2080AB160011F45A /* Release */,
			);
			defaultConfigurationIsVisible = 0;
			defaultConfigurationName = Release;
		};
		56A9957F2080AB160011F45A /* Build configuration list for PBXNativeTarget "ONT_Collector" */ = {
			isa = XCConfigurationList;
			buildConfigurations = (
				56A995802080AB160011F45A /* Debug */,
				56A995812080AB160011F45A /* Release */,
			);
			defaultConfigurationIsVisible = 0;
			defaultConfigurationName = Release;
		};
/* End XCConfigurationList section */

/* Begin XCVersionGroup section */
		56A995742080AB140011F45A /* ONT_Collector.xcdatamodeld */ = {
			isa = XCVersionGroup;
			children = (
				56A995752080AB140011F45A /* ONT_Collector.xcdatamodel */,
			);
			currentVersion = 56A995752080AB140011F45A /* ONT_Collector.xcdatamodel */;
			path = ONT_Collector.xcdatamodeld;
			sourceTree = "<group>";
			versionGroupType = wrapper.xcdatamodel;
		};
/* End XCVersionGroup section */
	};
	rootObject = 56A995622080AB130011F45A /* Project object */;
}
